{
  "nodes": {
    "nixpkgs": {
      "locked": {
        "lastModified": 1711715736,
        "narHash": "sha256-9slQ609YqT9bT/MNX9+5k5jltL9zgpn36DpFB7TkttM=",
        "owner": "NixOS",
        "repo": "nixpkgs",
        "rev": "807c549feabce7eddbf259dbdcec9e0600a0660d",
        "type": "github"
      },
      "original": {
        "id": "nixpkgs",
        "ref": "nixpkgs-unstable",
        "type": "indirect"
      }
    },
    "root": {
      "inputs": {
        "nixpkgs": "nixpkgs",
        "troll": "troll"
      }
    },
    "troll": {
      "flake": false,
      "locked": {
        "lastModified": 1701523128,
        "narHash": "sha256-7ZPE7IjEmfVq7tc55NBOBffRzxAyv1a6givZCObdlUU=",
        "owner": "sonnyp",
        "repo": "troll",
        "rev": "595965429fa9aea1dd7bc4429f7bd5337343e04e",
        "type": "github"
      },
      "original": {
        "owner": "sonnyp",
        "repo": "troll",
        "type": "github"
      }
    }
  },
  "root": "root",
  "version": 7
}
