{
  "nodes": {
    "nixpkgs": {
      "locked": {
        "lastModified": 1710534455,
        "narHash": "sha256-huQT4Xs0y4EeFKn2BTBVYgEwJSv8SDlm82uWgMnCMmI=",
        "owner": "NixOS",
        "repo": "nixpkgs",
        "rev": "9af9c1c87ed3e3ed271934cb896e0cdd33dae212",
        "type": "github"
      },
      "original": {
        "id": "nixpkgs",
        "ref": "nixpkgs-unstable",
        "type": "indirect"
      }
    },
    "root": {
      "inputs": {
        "nixpkgs": "nixpkgs",
        "troll": "troll"
      }
    },
    "troll": {
      "flake": false,
      "locked": {
        "lastModified": 1701523128,
        "narHash": "sha256-7ZPE7IjEmfVq7tc55NBOBffRzxAyv1a6givZCObdlUU=",
        "owner": "sonnyp",
        "repo": "troll",
        "rev": "595965429fa9aea1dd7bc4429f7bd5337343e04e",
        "type": "github"
      },
      "original": {
        "owner": "sonnyp",
        "repo": "troll",
        "type": "github"
      }
    }
  },
  "root": "root",
  "version": 7
}
